PODS:
  - Realm (10.15.1):
    - Realm/Headers (= 10.15.1)
  - Realm/Headers (10.15.1)
  - RealmSwift (10.15.1):
    - Realm (= 10.15.1)

DEPENDENCIES:
  - RealmSwift

SPEC REPOS:
  trunk:
    - Realm
    - RealmSwift

SPEC CHECKSUMS:
  Realm: fbcbde2620d51623cc5b18e28f5b165c39abef52
  RealmSwift: e4bea8e42efad3d543aea23b56504069c6faaea2

PODFILE CHECKSUM: 9b083eed945b885e173d8328dbfa8a1ff4213d63

COCOAPODS: 1.10.2
