// !$*UTF8*$!
{
	archiveVersion = 1;
	classes = {
	};
	objectVersion = 55;
	objects = {

/* Begin PBXBuildFile section */
		AB40A09727215447003E8030 /* AppDelegate.swift in Sources */ = {isa = PBXBuildFile; fileRef = AB40A09627215447003E8030 /* AppDelegate.swift */; };
		AB40A09927215447003E8030 /* SceneDelegate.swift in Sources */ = {isa = PBXBuildFile; fileRef = AB40A09827215447003E8030 /* SceneDelegate.swift */; };
		AB40A09B27215447003E8030 /* ViewController.swift in Sources */ = {isa = PBXBuildFile; fileRef = AB40A09A27215447003E8030 /* ViewController.swift */; };
		AB40A09E27215447003E8030 /* Main.storyboard in Resources */ = {isa = PBXBuildFile; fileRef = AB40A09C27215447003E8030 /* Main.storyboard */; };
		AB40A0A027215448003E8030 /* Assets.xcassets in Resources */ = {isa = PBXBuildFile; fileRef = AB40A09F27215448003E8030 /* Assets.xcassets */; };
		AB40A0A327215448003E8030 /* LaunchScreen.storyboard in Resources */ = {isa = PBXBuildFile; fileRef = AB40A0A127215448003E8030 /* LaunchScreen.storyboard */; };
		AB40A0AE27215448003E8030 /* Realm_Backup_SampleTests.swift in Sources */ = {isa = PBXBuildFile; fileRef = AB40A0AD27215448003E8030 /* Realm_Backup_SampleTests.swift */; };
		AB40A0B827215448003E8030 /* Realm_Backup_SampleUITests.swift in Sources */ = {isa = PBXBuildFile; fileRef = AB40A0B727215448003E8030 /* Realm_Backup_SampleUITests.swift */; };
		AB40A0BA27215448003E8030 /* Realm_Backup_SampleUITestsLaunchTests.swift in Sources */ = {isa = PBXBuildFile; fileRef = AB40A0B927215448003E8030 /* Realm_Backup_SampleUITestsLaunchTests.swift */; };
/* End PBXBuildFile section */

/* Begin PBXContainerItemProxy section */
		AB40A0AA27215448003E8030 /* PBXContainerItemProxy */ = {
			isa = PBXContainerItemProxy;
			containerPortal = AB40A08B27215447003E8030 /* Project object */;
			proxyType = 1;
			remoteGlobalIDString = AB40A09227215447003E8030;
			remoteInfo = "Realm-Backup-Sample";
		};
		AB40A0B427215448003E8030 /* PBXContainerItemProxy */ = {
			isa = PBXContainerItemProxy;
			containerPortal = AB40A08B27215447003E8030 /* Project object */;
			proxyType = 1;
			remoteGlobalIDString = AB40A09227215447003E8030;
			remoteInfo = "Realm-Backup-Sample";
		};
/* End PBXContainerItemProxy section */

/* Begin PBXFileReference section */
		AB40A09327215447003E8030 /* Realm-Backup-Sample.app */ = {isa = PBXFileReference; explicitFileType = wrapper.application; includeInIndex = 0; path = "Realm-Backup-Sample.app"; sourceTree = BUILT_PRODUCTS_DIR; };
		AB40A09627215447003E8030 /* AppDelegate.swift */ = {isa = PBXFileReference; lastKnownFileType = sourcecode.swift; path = AppDelegate.swift; sourceTree = "<group>"; };
		AB40A09827215447003E8030 /* SceneDelegate.swift */ = {isa = PBXFileReference; lastKnownFileType = sourcecode.swift; path = SceneDelegate.swift; sourceTree = "<group>"; };
		AB40A09A27215447003E8030 /* ViewController.swift */ = {isa = PBXFileReference; lastKnownFileType = sourcecode.swift; path = ViewController.swift; sourceTree = "<group>"; };
		AB40A09D27215447003E8030 /* Base */ = {isa = PBXFileReference; lastKnownFileType = file.storyboard; name = Base; path = Base.lproj/Main.storyboard; sourceTree = "<group>"; };
		AB40A09F27215448003E8030 /* Assets.xcassets */ = {isa = PBXFileReference; lastKnownFileType = folder.assetcatalog; path = Assets.xcassets; sourceTree = "<group>"; };
		AB40A0A227215448003E8030 /* Base */ = {isa = PBXFileReference; lastKnownFileType = file.storyboard; name = Base; path = Base.lproj/LaunchScreen.storyboard; sourceTree = "<group>"; };
		AB40A0A427215448003E8030 /* Info.plist */ = {isa = PBXFileReference; lastKnownFileType = text.plist.xml; path = Info.plist; sourceTree = "<group>"; };
		AB40A0A927215448003E8030 /* Realm-Backup-SampleTests.xctest */ = {isa = PBXFileReference; explicitFileType = wrapper.cfbundle; includeInIndex = 0; path = "Realm-Backup-SampleTests.xctest"; sourceTree = BUILT_PRODUCTS_DIR; };
		AB40A0AD27215448003E8030 /* Realm_Backup_SampleTests.swift */ = {isa = PBXFileReference; lastKnownFileType = sourcecode.swift; path = Realm_Backup_SampleTests.swift; sourceTree = "<group>"; };
		AB40A0B327215448003E8030 /* Realm-Backup-SampleUITests.xctest */ = {isa = PBXFileReference; explicitFileType = wrapper.cfbundle; includeInIndex = 0; path = "Realm-Backup-SampleUITests.xctest"; sourceTree = BUILT_PRODUCTS_DIR; };
		AB40A0B727215448003E8030 /* Realm_Backup_SampleUITests.swift */ = {isa = PBXFileReference; lastKnownFileType = sourcecode.swift; path = Realm_Backup_SampleUITests.swift; sourceTree = "<group>"; };
		AB40A0B927215448003E8030 /* Realm_Backup_SampleUITestsLaunchTests.swift */ = {isa = PBXFileReference; lastKnownFileType = sourcecode.swift; path = Realm_Backup_SampleUITestsLaunchTests.swift; sourceTree = "<group>"; };
/* End PBXFileReference section */

/* Begin PBXFrameworksBuildPhase section */
		AB40A09027215447003E8030 /* Frameworks */ = {
			isa = PBXFrameworksBuildPhase;
			buildActionMask = 2147483647;
			files = (
			);
			runOnlyForDeploymentPostprocessing = 0;
		};
		AB40A0A627215448003E8030 /* Frameworks */ = {
			isa = PBXFrameworksBuildPhase;
			buildActionMask = 2147483647;
			files = (
			);
			runOnlyForDeploymentPostprocessing = 0;
		};
		AB40A0B027215448003E8030 /* Frameworks */ = {
			isa = PBXFrameworksBuildPhase;
			buildActionMask = 2147483647;
			files = (
			);
			runOnlyForDeploymentPostprocessing = 0;
		};
/* End PBXFrameworksBuildPhase section */

/* Begin PBXGroup section */
		AB40A08A27215447003E8030 = {
			isa = PBXGroup;
			children = (
				AB40A09527215447003E8030 /* Realm-Backup-Sample */,
				AB40A0AC27215448003E8030 /* Realm-Backup-SampleTests */,
				AB40A0B627215448003E8030 /* Realm-Backup-SampleUITests */,
				AB40A09427215447003E8030 /* Products */,
			);
			sourceTree = "<group>";
		};
		AB40A09427215447003E8030 /* Products */ = {
			isa = PBXGroup;
			children = (
				AB40A09327215447003E8030 /* Realm-Backup-Sample.app */,
				AB40A0A927215448003E8030 /* Realm-Backup-SampleTests.xctest */,
				AB40A0B327215448003E8030 /* Realm-Backup-SampleUITests.xctest */,
			);
			name = Products;
			sourceTree = "<group>";
		};
		AB40A09527215447003E8030 /* Realm-Backup-Sample */ = {
			isa = PBXGroup;
			children = (
				AB40A09627215447003E8030 /* AppDelegate.swift */,
				AB40A09827215447003E8030 /* SceneDelegate.swift */,
				AB40A09A27215447003E8030 /* ViewController.swift */,
				AB40A09C27215447003E8030 /* Main.storyboard */,
				AB40A09F27215448003E8030 /* Assets.xcassets */,
				AB40A0A127215448003E8030 /* LaunchScreen.storyboard */,
				AB40A0A427215448003E8030 /* Info.plist */,
			);
			path = "Realm-Backup-Sample";
			sourceTree = "<group>";
		};
		AB40A0AC27215448003E8030 /* Realm-Backup-SampleTests */ = {
			isa = PBXGroup;
			children = (
				AB40A0AD27215448003E8030 /* Realm_Backup_SampleTests.swift */,
			);
			path = "Realm-Backup-SampleTests";
			sourceTree = "<group>";
		};
		AB40A0B627215448003E8030 /* Realm-Backup-SampleUITests */ = {
			isa = PBXGroup;
			children = (
				AB40A0B727215448003E8030 /* Realm_Backup_SampleUITests.swift */,
				AB40A0B927215448003E8030 /* Realm_Backup_SampleUITestsLaunchTests.swift */,
			);
			path = "Realm-Backup-SampleUITests";
			sourceTree = "<group>";
		};
/* End PBXGroup section */

/* Begin PBXNativeTarget section */
		AB40A09227215447003E8030 /* Realm-Backup-Sample */ = {
			isa = PBXNativeTarget;
			buildConfigurationList = AB40A0BD27215448003E8030 /* Build configuration list for PBXNativeTarget "Realm-Backup-Sample" */;
			buildPhases = (
				AB40A08F27215447003E8030 /* Sources */,
				AB40A09027215447003E8030 /* Frameworks */,
				AB40A09127215447003E8030 /* Resources */,
			);
			buildRules = (
			);
			dependencies = (
			);
			name = "Realm-Backup-Sample";
			productName = "Realm-Backup-Sample";
			productReference = AB40A09327215447003E8030 /* Realm-Backup-Sample.app */;
			productType = "com.apple.product-type.application";
		};
		AB40A0A827215448003E8030 /* Realm-Backup-SampleTests */ = {
			isa = PBXNativeTarget;
			buildConfigurationList = AB40A0C027215448003E8030 /* Build configuration list for PBXNativeTarget "Realm-Backup-SampleTests" */;
			buildPhases = (
				AB40A0A527215448003E8030 /* Sources */,
				AB40A0A627215448003E8030 /* Frameworks */,
				AB40A0A727215448003E8030 /* Resources */,
			);
			buildRules = (
			);
			dependencies = (
				AB40A0AB27215448003E8030 /* PBXTargetDependency */,
			);
			name = "Realm-Backup-SampleTests";
			productName = "Realm-Backup-SampleTests";
			productReference = AB40A0A927215448003E8030 /* Realm-Backup-SampleTests.xctest */;
			productType = "com.apple.product-type.bundle.unit-test";
		};
		AB40A0B227215448003E8030 /* Realm-Backup-SampleUITests */ = {
			isa = PBXNativeTarget;
			buildConfigurationList = AB40A0C327215448003E8030 /* Build configuration list for PBXNativeTarget "Realm-Backup-SampleUITests" */;
			buildPhases = (
				AB40A0AF27215448003E8030 /* Sources */,
				AB40A0B027215448003E8030 /* Frameworks */,
				AB40A0B127215448003E8030 /* Resources */,
			);
			buildRules = (
			);
			dependencies = (
				AB40A0B527215448003E8030 /* PBXTargetDependency */,
			);
			name = "Realm-Backup-SampleUITests";
			productName = "Realm-Backup-SampleUITests";
			productReference = AB40A0B327215448003E8030 /* Realm-Backup-SampleUITests.xctest */;
			productType = "com.apple.product-type.bundle.ui-testing";
		};
/* End PBXNativeTarget section */

/* Begin PBXProject section */
		AB40A08B27215447003E8030 /* Project object */ = {
			isa = PBXProject;
			attributes = {
				BuildIndependentTargetsInParallel = 1;
				LastSwiftUpdateCheck = 1300;
				LastUpgradeCheck = 1300;
				TargetAttributes = {
					AB40A09227215447003E8030 = {
						CreatedOnToolsVersion = 13.0;
					};
					AB40A0A827215448003E8030 = {
						CreatedOnToolsVersion = 13.0;
						TestTargetID = AB40A09227215447003E8030;
					};
					AB40A0B227215448003E8030 = {
						CreatedOnToolsVersion = 13.0;
						TestTargetID = AB40A09227215447003E8030;
					};
				};
			};
			buildConfigurationList = AB40A08E27215447003E8030 /* Build configuration list for PBXProject "Realm-Backup-Sample" */;
			compatibilityVersion = "Xcode 13.0";
			developmentRegion = en;
			hasScannedForEncodings = 0;
			knownRegions = (
				en,
				Base,
			);
			mainGroup = AB40A08A27215447003E8030;
			productRefGroup = AB40A09427215447003E8030 /* Products */;
			projectDirPath = "";
			projectRoot = "";
			targets = (
				AB40A09227215447003E8030 /* Realm-Backup-Sample */,
				AB40A0A827215448003E8030 /* Realm-Backup-SampleTests */,
				AB40A0B227215448003E8030 /* Realm-Backup-SampleUITests */,
			);
		};
/* End PBXProject section */

/* Begin PBXResourcesBuildPhase section */
		AB40A09127215447003E8030 /* Resources */ = {
			isa = PBXResourcesBuildPhase;
			buildActionMask = 2147483647;
			files = (
				AB40A0A327215448003E8030 /* LaunchScreen.storyboard in Resources */,
				AB40A0A027215448003E8030 /* Assets.xcassets in Resources */,
				AB40A09E27215447003E8030 /* Main.storyboard in Resources */,
			);
			runOnlyForDeploymentPostprocessing = 0;
		};
		AB40A0A727215448003E8030 /* Resources */ = {
			isa = PBXResourcesBuildPhase;
			buildActionMask = 2147483647;
			files = (
			);
			runOnlyForDeploymentPostprocessing = 0;
		};
		AB40A0B127215448003E8030 /* Resources */ = {
			isa = PBXResourcesBuildPhase;
			buildActionMask = 2147483647;
			files = (
			);
			runOnlyForDeploymentPostprocessing = 0;
		};
/* End PBXResourcesBuildPhase section */

/* Begin PBXSourcesBuildPhase section */
		AB40A08F27215447003E8030 /* Sources */ = {
			isa = PBXSourcesBuildPhase;
			buildActionMask = 2147483647;
			files = (
				AB40A09B27215447003E8030 /* ViewController.swift in Sources */,
				AB40A09727215447003E8030 /* AppDelegate.swift in Sources */,
				AB40A09927215447003E8030 /* SceneDelegate.swift in Sources */,
			);
			runOnlyForDeploymentPostprocessing = 0;
		};
		AB40A0A527215448003E8030 /* Sources */ = {
			isa = PBXSourcesBuildPhase;
			buildActionMask = 2147483647;
			files = (
				AB40A0AE27215448003E8030 /* Realm_Backup_SampleTests.swift in Sources */,
			);
			runOnlyForDeploymentPostprocessing = 0;
		};
		AB40A0AF27215448003E8030 /* Sources */ = {
			isa = PBXSourcesBuildPhase;
			buildActionMask = 2147483647;
			files = (
				AB40A0BA27215448003E8030 /* Realm_Backup_SampleUITestsLaunchTests.swift in Sources */,
				AB40A0B827215448003E8030 /* Realm_Backup_SampleUITests.swift in Sources */,
			);
			runOnlyForDeploymentPostprocessing = 0;
		};
/* End PBXSourcesBuildPhase section */

/* Begin PBXTargetDependency section */
		AB40A0AB27215448003E8030 /* PBXTargetDependency */ = {
			isa = PBXTargetDependency;
			target = AB40A09227215447003E8030 /* Realm-Backup-Sample */;
			targetProxy = AB40A0AA27215448003E8030 /* PBXContainerItemProxy */;
		};
		AB40A0B527215448003E8030 /* PBXTargetDependency */ = {
			isa = PBXTargetDependency;
			target = AB40A09227215447003E8030 /* Realm-Backup-Sample */;
			targetProxy = AB40A0B427215448003E8030 /* PBXContainerItemProxy */;
		};
/* End PBXTargetDependency section */

/* Begin PBXVariantGroup section */
		AB40A09C27215447003E8030 /* Main.storyboard */ = {
			isa = PBXVariantGroup;
			children = (
				AB40A09D27215447003E8030 /* Base */,
			);
			name = Main.storyboard;
			sourceTree = "<group>";
		};
		AB40A0A127215448003E8030 /* LaunchScreen.storyboard */ = {
			isa = PBXVariantGroup;
			children = (
				AB40A0A227215448003E8030 /* Base */,
			);
			name = LaunchScreen.storyboard;
			sourceTree = "<group>";
		};
/* End PBXVariantGroup section */

/* Begin XCBuildConfiguration section */
		AB40A0BB27215448003E8030 /* Debug */ = {
			isa = XCBuildConfiguration;
			buildSettings = {
				ALWAYS_SEARCH_USER_PATHS = NO;
				CLANG_ANALYZER_NONNULL = YES;
				CLANG_ANALYZER_NUMBER_OBJECT_CONVERSION = YES_AGGRESSIVE;
				CLANG_CXX_LANGUAGE_STANDARD = "gnu++17";
				CLANG_CXX_LIBRARY = "libc++";
				CLANG_ENABLE_MODULES = YES;
				CLANG_ENABLE_OBJC_ARC = YES;
				CLANG_ENABLE_OBJC_WEAK = YES;
				CLANG_WARN_BLOCK_CAPTURE_AUTORELEASING = YES;
				CLANG_WARN_BOOL_CONVERSION = YES;
				CLANG_WARN_COMMA = YES;
				CLANG_WARN_CONSTANT_CONVERSION = YES;
				CLANG_WARN_DEPRECATED_OBJC_IMPLEMENTATIONS = YES;
				CLANG_WARN_DIRECT_OBJC_ISA_USAGE = YES_ERROR;
				CLANG_WARN_DOCUMENTATION_COMMENTS = YES;
				CLANG_WARN_EMPTY_BODY = YES;
				CLANG_WARN_ENUM_CONVERSION = YES;
				CLANG_WARN_INFINITE_RECURSION = YES;
				CLANG_WARN_INT_CONVERSION = YES;
				CLANG_WARN_NON_LITERAL_NULL_CONVERSION = YES;
				CLANG_WARN_OBJC_IMPLICIT_RETAIN_SELF = YES;
				CLANG_WARN_OBJC_LITERAL_CONVERSION = YES;
				CLANG_WARN_OBJC_ROOT_CLASS = YES_ERROR;
				CLANG_WARN_QUOTED_INCLUDE_IN_FRAMEWORK_HEADER = YES;
				CLANG_WARN_RANGE_LOOP_ANALYSIS = YES;
				CLANG_WARN_STRICT_PROTOTYPES = YES;
				CLANG_WARN_SUSPICIOUS_MOVE = YES;
				CLANG_WARN_UNGUARDED_AVAILABILITY = YES_AGGRESSIVE;
				CLANG_WARN_UNREACHABLE_CODE = YES;
				CLANG_WARN__DUPLICATE_METHOD_MATCH = YES;
				COPY_PHASE_STRIP = NO;
				DEBUG_INFORMATION_FORMAT = dwarf;
				ENABLE_STRICT_OBJC_MSGSEND = YES;
				ENABLE_TESTABILITY = YES;
				GCC_C_LANGUAGE_STANDARD = gnu11;
				GCC_DYNAMIC_NO_PIC = NO;
				GCC_NO_COMMON_BLOCKS = YES;
				GCC_OPTIMIZATION_LEVEL = 0;
				GCC_PREPROCESSOR_DEFINITIONS = (
					"DEBUG=1",
					"$(inherited)",
				);
				GCC_WARN_64_TO_32_BIT_CONVERSION = YES;
				GCC_WARN_ABOUT_RETURN_TYPE = YES_ERROR;
				GCC_WARN_UNDECLARED_SELECTOR = YES;
				GCC_WARN_UNINITIALIZED_AUTOS = YES_AGGRESSIVE;
				GCC_WARN_UNUSED_FUNCTION = YES;
				GCC_WARN_UNUSED_VARIABLE = YES;
				IPHONEOS_DEPLOYMENT_TARGET = 15.0;
				MTL_ENABLE_DEBUG_INFO = INCLUDE_SOURCE;
				MTL_FAST_MATH = YES;
				ONLY_ACTIVE_ARCH = YES;
				SDKROOT = iphoneos;
				SWIFT_ACTIVE_COMPILATION_CONDITIONS = DEBUG;
				SWIFT_OPTIMIZATION_LEVEL = "-Onone";
			};
			name = Debug;
		};
		AB40A0BC27215448003E8030 /* Release */ = {
			isa = XCBuildConfiguration;
			buildSettings = {
				ALWAYS_SEARCH_USER_PATHS = NO;
				CLANG_ANALYZER_NONNULL = YES;
				CLANG_ANALYZER_NUMBER_OBJECT_CONVERSION = YES_AGGRESSIVE;
				CLANG_CXX_LANGUAGE_STANDARD = "gnu++17";
				CLANG_CXX_LIBRARY = "libc++";
				CLANG_ENABLE_MODULES = YES;
				CLANG_ENABLE_OBJC_ARC = YES;
				CLANG_ENABLE_OBJC_WEAK = YES;
				CLANG_WARN_BLOCK_CAPTURE_AUTORELEASING = YES;
				CLANG_WARN_BOOL_CONVERSION = YES;
				CLANG_WARN_COMMA = YES;
				CLANG_WARN_CONSTANT_CONVERSION = YES;
				CLANG_WARN_DEPRECATED_OBJC_IMPLEMENTATIONS = YES;
				CLANG_WARN_DIRECT_OBJC_ISA_USAGE = YES_ERROR;
				CLANG_WARN_DOCUMENTATION_COMMENTS = YES;
				CLANG_WARN_EMPTY_BODY = YES;
				CLANG_WARN_ENUM_CONVERSION = YES;
				CLANG_WARN_INFINITE_RECURSION = YES;
				CLANG_WARN_INT_CONVERSION = YES;
				CLANG_WARN_NON_LITERAL_NULL_CONVERSION = YES;
				CLANG_WARN_OBJC_IMPLICIT_RETAIN_SELF = YES;
				CLANG_WARN_OBJC_LITERAL_CONVERSION = YES;
				CLANG_WARN_OBJC_ROOT_CLASS = YES_ERROR;
				CLANG_WARN_QUOTED_INCLUDE_IN_FRAMEWORK_HEADER = YES;
				CLANG_WARN_RANGE_LOOP_ANALYSIS = YES;
				CLANG_WARN_STRICT_PROTOTYPES = YES;
				CLANG_WARN_SUSPICIOUS_MOVE = YES;
				CLANG_WARN_UNGUARDED_AVAILABILITY = YES_AGGRESSIVE;
				CLANG_WARN_UNREACHABLE_CODE = YES;
				CLANG_WARN__DUPLICATE_METHOD_MATCH = YES;
				COPY_PHASE_STRIP = NO;
				DEBUG_INFORMATION_FORMAT = "dwarf-with-dsym";
				ENABLE_NS_ASSERTIONS = NO;
				ENABLE_STRICT_OBJC_MSGSEND = YES;
				GCC_C_LANGUAGE_STANDARD = gnu11;
				GCC_NO_COMMON_BLOCKS = YES;
				GCC_WARN_64_TO_32_BIT_CONVERSION = YES;
				GCC_WARN_ABOUT_RETURN_TYPE = YES_ERROR;
				GCC_WARN_UNDECLARED_SELECTOR = YES;
				GCC_WARN_UNINITIALIZED_AUTOS = YES_AGGRESSIVE;
				GCC_WARN_UNUSED_FUNCTION = YES;
				GCC_WARN_UNUSED_VARIABLE = YES;
				IPHONEOS_DEPLOYMENT_TARGET = 15.0;
				MTL_ENABLE_DEBUG_INFO = NO;
				MTL_FAST_MATH = YES;
				SDKROOT = iphoneos;
				SWIFT_COMPILATION_MODE = wholemodule;
				SWIFT_OPTIMIZATION_LEVEL = "-O";
				VALIDATE_PRODUCT = YES;
			};
			name = Release;
		};
		AB40A0BE27215448003E8030 /* Debug */ = {
			isa = XCBuildConfiguration;
			buildSettings = {
				ASSETCATALOG_COMPILER_APPICON_NAME = AppIcon;
				ASSETCATALOG_COMPILER_GLOBAL_ACCENT_COLOR_NAME = AccentColor;
				CODE_SIGN_STYLE = Automatic;
				CURRENT_PROJECT_VERSION = 1;
				DEVELOPMENT_TEAM = 242KS3V77L;
				GENERATE_INFOPLIST_FILE = YES;
				INFOPLIST_FILE = "Realm-Backup-Sample/Info.plist";
				INFOPLIST_KEY_UIApplicationSupportsIndirectInputEvents = YES;
				INFOPLIST_KEY_UILaunchStoryboardName = LaunchScreen;
				INFOPLIST_KEY_UIMainStoryboardFile = Main;
				INFOPLIST_KEY_UISupportedInterfaceOrientations_iPad = "UIInterfaceOrientationPortrait UIInterfaceOrientationPortraitUpsideDown UIInterfaceOrientationLandscapeLeft UIInterfaceOrientationLandscapeRight";
				INFOPLIST_KEY_UISupportedInterfaceOrientations_iPhone = "UIInterfaceOrientationPortrait UIInterfaceOrientationLandscapeLeft UIInterfaceOrientationLandscapeRight";
				LD_RUNPATH_SEARCH_PATHS = (
					"$(inherited)",
					"@executable_path/Frameworks",
				);
				MARKETING_VERSION = 1.0;
				PRODUCT_BUNDLE_IDENTIFIER = "oonishireon.Realm-Backup-Sample";
				PRODUCT_NAME = "$(TARGET_NAME)";
				SWIFT_EMIT_LOC_STRINGS = YES;
				SWIFT_VERSION = 5.0;
				TARGETED_DEVICE_FAMILY = "1,2";
			};
			name = Debug;
		};
		AB40A0BF27215448003E8030 /* Release */ = {
			isa = XCBuildConfiguration;
			buildSettings = {
				ASSETCATALOG_COMPILER_APPICON_NAME = AppIcon;
				ASSETCATALOG_COMPILER_GLOBAL_ACCENT_COLOR_NAME = AccentColor;
				CODE_SIGN_STYLE = Automatic;
				CURRENT_PROJECT_VERSION = 1;
				DEVELOPMENT_TEAM = 242KS3V77L;
				GENERATE_INFOPLIST_FILE = YES;
				INFOPLIST_FILE = "Realm-Backup-Sample/Info.plist";
				INFOPLIST_KEY_UIApplicationSupportsIndirectInputEvents = YES;
				INFOPLIST_KEY_UILaunchStoryboardName = LaunchScreen;
				INFOPLIST_KEY_UIMainStoryboardFile = Main;
				INFOPLIST_KEY_UISupportedInterfaceOrientations_iPad = "UIInterfaceOrientationPortrait UIInterfaceOrientationPortraitUpsideDown UIInterfaceOrientationLandscapeLeft UIInterfaceOrientationLandscapeRight";
				INFOPLIST_KEY_UISupportedInterfaceOrientations_iPhone = "UIInterfaceOrientationPortrait UIInterfaceOrientationLandscapeLeft UIInterfaceOrientationLandscapeRight";
				LD_RUNPATH_SEARCH_PATHS = (
					"$(inherited)",
					"@executable_path/Frameworks",
				);
				MARKETING_VERSION = 1.0;
				PRODUCT_BUNDLE_IDENTIFIER = "oonishireon.Realm-Backup-Sample";
				PRODUCT_NAME = "$(TARGET_NAME)";
				SWIFT_EMIT_LOC_STRINGS = YES;
				SWIFT_VERSION = 5.0;
				TARGETED_DEVICE_FAMILY = "1,2";
			};
			name = Release;
		};
		AB40A0C127215448003E8030 /* Debug */ = {
			isa = XCBuildConfiguration;
			buildSettings = {
				ALWAYS_EMBED_SWIFT_STANDARD_LIBRARIES = YES;
				BUNDLE_LOADER = "$(TEST_HOST)";
				CODE_SIGN_STYLE = Automatic;
				CURRENT_PROJECT_VERSION = 1;
				DEVELOPMENT_TEAM = 242KS3V77L;
				GENERATE_INFOPLIST_FILE = YES;
				IPHONEOS_DEPLOYMENT_TARGET = 15.0;
				LD_RUNPATH_SEARCH_PATHS = (
					"$(inherited)",
					"@executable_path/Frameworks",
					"@loader_path/Frameworks",
				);
				MARKETING_VERSION = 1.0;
				PRODUCT_BUNDLE_IDENTIFIER = "oonishireon.Realm-Backup-SampleTests";
				PRODUCT_NAME = "$(TARGET_NAME)";
				SWIFT_EMIT_LOC_STRINGS = NO;
				SWIFT_VERSION = 5.0;
				TARGETED_DEVICE_FAMILY = "1,2";
				TEST_HOST = "$(BUILT_PRODUCTS_DIR)/Realm-Backup-Sample.app/Realm-Backup-Sample";
			};
			name = Debug;
		};
		AB40A0C227215448003E8030 /* Release */ = {
			isa = XCBuildConfiguration;
			buildSettings = {
				ALWAYS_EMBED_SWIFT_STANDARD_LIBRARIES = YES;
				BUNDLE_LOADER = "$(TEST_HOST)";
				CODE_SIGN_STYLE = Automatic;
				CURRENT_PROJECT_VERSION = 1;
				DEVELOPMENT_TEAM = 242KS3V77L;
				GENERATE_INFOPLIST_FILE = YES;
				IPHONEOS_DEPLOYMENT_TARGET = 15.0;
				LD_RUNPATH_SEARCH_PATHS = (
					"$(inherited)",
					"@executable_path/Frameworks",
					"@loader_path/Frameworks",
				);
				MARKETING_VERSION = 1.0;
				PRODUCT_BUNDLE_IDENTIFIER = "oonishireon.Realm-Backup-SampleTests";
				PRODUCT_NAME = "$(TARGET_NAME)";
				SWIFT_EMIT_LOC_STRINGS = NO;
				SWIFT_VERSION = 5.0;
				TARGETED_DEVICE_FAMILY = "1,2";
				TEST_HOST = "$(BUILT_PRODUCTS_DIR)/Realm-Backup-Sample.app/Realm-Backup-Sample";
			};
			name = Release;
		};
		AB40A0C427215448003E8030 /* Debug */ = {
			isa = XCBuildConfiguration;
			buildSettings = {
				ALWAYS_EMBED_SWIFT_STANDARD_LIBRARIES = YES;
				CODE_SIGN_STYLE = Automatic;
				CURRENT_PROJECT_VERSION = 1;
				DEVELOPMENT_TEAM = 242KS3V77L;
				GENERATE_INFOPLIST_FILE = YES;
				LD_RUNPATH_SEARCH_PATHS = (
					"$(inherited)",
					"@executable_path/Frameworks",
					"@loader_path/Frameworks",
				);
				MARKETING_VERSION = 1.0;
				PRODUCT_BUNDLE_IDENTIFIER = "oonishireon.Realm-Backup-SampleUITests";
				PRODUCT_NAME = "$(TARGET_NAME)";
				SWIFT_EMIT_LOC_STRINGS = NO;
				SWIFT_VERSION = 5.0;
				TARGETED_DEVICE_FAMILY = "1,2";
				TEST_TARGET_NAME = "Realm-Backup-Sample";
			};
			name = Debug;
		};
		AB40A0C527215448003E8030 /* Release */ = {
			isa = XCBuildConfiguration;
			buildSettings = {
				ALWAYS_EMBED_SWIFT_STANDARD_LIBRARIES = YES;
				CODE_SIGN_STYLE = Automatic;
				CURRENT_PROJECT_VERSION = 1;
				DEVELOPMENT_TEAM = 242KS3V77L;
				GENERATE_INFOPLIST_FILE = YES;
				LD_RUNPATH_SEARCH_PATHS = (
					"$(inherited)",
					"@executable_path/Frameworks",
					"@loader_path/Frameworks",
				);
				MARKETING_VERSION = 1.0;
				PRODUCT_BUNDLE_IDENTIFIER = "oonishireon.Realm-Backup-SampleUITests";
				PRODUCT_NAME = "$(TARGET_NAME)";
				SWIFT_EMIT_LOC_STRINGS = NO;
				SWIFT_VERSION = 5.0;
				TARGETED_DEVICE_FAMILY = "1,2";
				TEST_TARGET_NAME = "Realm-Backup-Sample";
			};
			name = Release;
		};
/* End XCBuildConfiguration section */

/* Begin XCConfigurationList section */
		AB40A08E27215447003E8030 /* Build configuration list for PBXProject "Realm-Backup-Sample" */ = {
			isa = XCConfigurationList;
			buildConfigurations = (
				AB40A0BB27215448003E8030 /* Debug */,
				AB40A0BC27215448003E8030 /* Release */,
			);
			defaultConfigurationIsVisible = 0;
			defaultConfigurationName = Release;
		};
		AB40A0BD27215448003E8030 /* Build configuration list for PBXNativeTarget "Realm-Backup-Sample" */ = {
			isa = XCConfigurationList;
			buildConfigurations = (
				AB40A0BE27215448003E8030 /* Debug */,
				AB40A0BF27215448003E8030 /* Release */,
			);
			defaultConfigurationIsVisible = 0;
			defaultConfigurationName = Release;
		};
		AB40A0C027215448003E8030 /* Build configuration list for PBXNativeTarget "Realm-Backup-SampleTests" */ = {
			isa = XCConfigurationList;
			buildConfigurations = (
				AB40A0C127215448003E8030 /* Debug */,
				AB40A0C227215448003E8030 /* Release */,
			);
			defaultConfigurationIsVisible = 0;
			defaultConfigurationName = Release;
		};
		AB40A0C327215448003E8030 /* Build configuration list for PBXNativeTarget "Realm-Backup-SampleUITests" */ = {
			isa = XCConfigurationList;
			buildConfigurations = (
				AB40A0C427215448003E8030 /* Debug */,
				AB40A0C527215448003E8030 /* Release */,
			);
			defaultConfigurationIsVisible = 0;
			defaultConfigurationName = Release;
		};
/* End XCConfigurationList section */
	};
	rootObject = AB40A08B27215447003E8030 /* Project object */;
}
